
Microsoft Visual Studio Solution File, Format Version 12.00
# Visual Studio Version 17
VisualStudioVersion = 17.11.35312.102
MinimumVisualStudioVersion = 10.0.40219.1
Project("{9A19103F-16F7-4668-BE54-9A1E7A4F7556}") = "RentACar.Web", "RentACar.Web\RentACar.Web.csproj", "{2376D0F5-7808-4490-BBB7-0A02103DFE4E}"
EndProject
Project("{9A19103F-16F7-4668-BE54-9A1E7A4F7556}") = "RentACar.Common", "RentACar.Common\RentACar.Common.csproj", "{D860A149-3640-4DB6-BA9B-97EE90A75E7E}"
EndProject
Project("{9A19103F-16F7-4668-BE54-9A1E7A4F7556}") = "RentACar.Data", "RentACar.Data\RentACar.Data.csproj", "{2D23B0EE-5E72-4361-8867-524D20DA7665}"
EndProject
Project("{9A19103F-16F7-4668-BE54-9A1E7A4F7556}") = "RentACar.Core", "RentACar.Core\RentACar.Core.csproj", "{8A63A810-C243-4D04-B33D-85AFCA9F00D1}"
EndProject
Project("{9A19103F-16F7-4668-BE54-9A1E7A4F7556}") = "RentACar.Tests", "RentACar.Tests\RentACar.Tests.csproj", "{AE34AF08-2C6E-402C-8F42-1F5D1C07C40B}"
EndProject
Project("{9A19103F-16F7-4668-BE54-9A1E7A4F7556}") = "RentACar.Web.ViewModels", "RentACar.Web.ViewModels\RentACar.Web.ViewModels.csproj", "{7FDF1E37-046F-4934-8CE6-52C46228FFBA}"
EndProject
Project("{9A19103F-16F7-4668-BE54-9A1E7A4F7556}") = "RentACar.DTO", "RentACar.DTO\RentACar.DTO.csproj", "{C082637E-485A-4230-98BB-A80C365DA91A}"
EndProject
Project("{9A19103F-16F7-4668-BE54-9A1E7A4F7556}") = "RentACar.Core.Infrastructure", "RentACar.Core.Infrastructure\RentACar.Core.Infrastructure.csproj", "{A0B51085-A2E9-4A2C-8D22-E8661DACBE45}"
EndProject
Project("{9A19103F-16F7-4668-BE54-9A1E7A4F7556}") = "RentACar.Web.Infrastructure", "RentACar.Web.Infrastructure\RentACar.Web.Infrastructure.csproj", "{3975D83B-46EB-4026-B014-EA2D3A143F36}"
EndProject
Project("{9A19103F-16F7-4668-BE54-9A1E7A4F7556}") = "RentACar.Web.API", "RentACar.Web.API\RentACar.Web.API.csproj", "{3EB27B21-D9E1-4D99-86DD-7DCC99534D02}"
EndProject
Global
	GlobalSection(SolutionConfigurationPlatforms) = preSolution
		Debug|Any CPU = Debug|Any CPU
		Release|Any CPU = Release|Any CPU
	EndGlobalSection
	GlobalSection(ProjectConfigurationPlatforms) = postSolution
		{2376D0F5-7808-4490-BBB7-0A02103DFE4E}.Debug|Any CPU.ActiveCfg = Debug|Any CPU
		{2376D0F5-7808-4490-BBB7-0A02103DFE4E}.Debug|Any CPU.Build.0 = Debug|Any CPU
		{2376D0F5-7808-4490-BBB7-0A02103DFE4E}.Release|Any CPU.ActiveCfg = Release|Any CPU
		{2376D0F5-7808-4490-BBB7-0A02103DFE4E}.Release|Any CPU.Build.0 = Release|Any CPU
		{D860A149-3640-4DB6-BA9B-97EE90A75E7E}.Debug|Any CPU.ActiveCfg = Debug|Any CPU
		{D860A149-3640-4DB6-BA9B-97EE90A75E7E}.Debug|Any CPU.Build.0 = Debug|Any CPU
		{D860A149-3640-4DB6-BA9B-97EE90A75E7E}.Release|Any CPU.ActiveCfg = Release|Any CPU
		{D860A149-3640-4DB6-BA9B-97EE90A75E7E}.Release|Any CPU.Build.0 = Release|Any CPU
		{2D23B0EE-5E72-4361-8867-524D20DA7665}.Debug|Any CPU.ActiveCfg = Debug|Any CPU
		{2D23B0EE-5E72-4361-8867-524D20DA7665}.Debug|Any CPU.Build.0 = Debug|Any CPU
		{2D23B0EE-5E72-4361-8867-524D20DA7665}.Release|Any CPU.ActiveCfg = Release|Any CPU
		{2D23B0EE-5E72-4361-8867-524D20DA7665}.Release|Any CPU.Build.0 = Release|Any CPU
		{8A63A810-C243-4D04-B33D-85AFCA9F00D1}.Debug|Any CPU.ActiveCfg = Debug|Any CPU
		{8A63A810-C243-4D04-B33D-85AFCA9F00D1}.Debug|Any CPU.Build.0 = Debug|Any CPU
		{8A63A810-C243-4D04-B33D-85AFCA9F00D1}.Release|Any CPU.ActiveCfg = Release|Any CPU
		{8A63A810-C243-4D04-B33D-85AFCA9F00D1}.Release|Any CPU.Build.0 = Release|Any CPU
		{AE34AF08-2C6E-402C-8F42-1F5D1C07C40B}.Debug|Any CPU.ActiveCfg = Debug|Any CPU
		{AE34AF08-2C6E-402C-8F42-1F5D1C07C40B}.Debug|Any CPU.Build.0 = Debug|Any CPU
		{AE34AF08-2C6E-402C-8F42-1F5D1C07C40B}.Release|Any CPU.ActiveCfg = Release|Any CPU
		{AE34AF08-2C6E-402C-8F42-1F5D1C07C40B}.Release|Any CPU.Build.0 = Release|Any CPU
		{7FDF1E37-046F-4934-8CE6-52C46228FFBA}.Debug|Any CPU.ActiveCfg = Debug|Any CPU
		{7FDF1E37-046F-4934-8CE6-52C46228FFBA}.Debug|Any CPU.Build.0 = Debug|Any CPU
		{7FDF1E37-046F-4934-8CE6-52C46228FFBA}.Release|Any CPU.ActiveCfg = Release|Any CPU
		{7FDF1E37-046F-4934-8CE6-52C46228FFBA}.Release|Any CPU.Build.0 = Release|Any CPU
		{C082637E-485A-4230-98BB-A80C365DA91A}.Debug|Any CPU.ActiveCfg = Debug|Any CPU
		{C082637E-485A-4230-98BB-A80C365DA91A}.Debug|Any CPU.Build.0 = Debug|Any CPU
		{C082637E-485A-4230-98BB-A80C365DA91A}.Release|Any CPU.ActiveCfg = Release|Any CPU
		{C082637E-485A-4230-98BB-A80C365DA91A}.Release|Any CPU.Build.0 = Release|Any CPU
		{A0B51085-A2E9-4A2C-8D22-E8661DACBE45}.Debug|Any CPU.ActiveCfg = Debug|Any CPU
		{A0B51085-A2E9-4A2C-8D22-E8661DACBE45}.Debug|Any CPU.Build.0 = Debug|Any CPU
		{A0B51085-A2E9-4A2C-8D22-E8661DACBE45}.Release|Any CPU.ActiveCfg = Release|Any CPU
		{A0B51085-A2E9-4A2C-8D22-E8661DACBE45}.Release|Any CPU.Build.0 = Release|Any CPU
		{3975D83B-46EB-4026-B014-EA2D3A143F36}.Debug|Any CPU.ActiveCfg = Debug|Any CPU
		{3975D83B-46EB-4026-B014-EA2D3A143F36}.Debug|Any CPU.Build.0 = Debug|Any CPU
		{3975D83B-46EB-4026-B014-EA2D3A143F36}.Release|Any CPU.ActiveCfg = Release|Any CPU
		{3975D83B-46EB-4026-B014-EA2D3A143F36}.Release|Any CPU.Build.0 = Release|Any CPU
		{3EB27B21-D9E1-4D99-86DD-7DCC99534D02}.Debug|Any CPU.ActiveCfg = Debug|Any CPU
		{3EB27B21-D9E1-4D99-86DD-7DCC99534D02}.Debug|Any CPU.Build.0 = Debug|Any CPU
		{3EB27B21-D9E1-4D99-86DD-7DCC99534D02}.Release|Any CPU.ActiveCfg = Release|Any CPU
		{3EB27B21-D9E1-4D99-86DD-7DCC99534D02}.Release|Any CPU.Build.0 = Release|Any CPU
	EndGlobalSection
	GlobalSection(SolutionProperties) = preSolution
		HideSolutionNode = FALSE
	EndGlobalSection
	GlobalSection(ExtensibilityGlobals) = postSolution
		SolutionGuid = {B36B436A-FBB8-4677-8845-FEB0284E44C0}
	EndGlobalSection
EndGlobal
